// !$*UTF8*$!
{
	archiveVersion = 1;
	classes = {
	};
	objectVersion = 46;
	objects = {

/* Begin PBXBuildFile section */
		655FC4D11D7BF31600839B11 /* bundle.js in Resources */ = {isa = PBXBuildFile; fileRef = 655FC4CF1D7BF2BF00839B11 /* bundle.js */; };
		655FC4D31D7BF8BA00839B11 /* JSRootView.swift in Sources */ = {isa = PBXBuildFile; fileRef = 655FC4D21D7BF8BA00839B11 /* JSRootView.swift */; };
		65DA29EB1D7F936F0043C387 /* JSButton.swift in Sources */ = {isa = PBXBuildFile; fileRef = 65DA29EA1D7F936F0043C387 /* JSButton.swift */; };
		65E08AD31D7A6C5300AE6985 /* AppDelegate.swift in Sources */ = {isa = PBXBuildFile; fileRef = 65E08AD21D7A6C5300AE6985 /* AppDelegate.swift */; };
		65E08AD51D7A6C5300AE6985 /* ViewController.swift in Sources */ = {isa = PBXBuildFile; fileRef = 65E08AD41D7A6C5300AE6985 /* ViewController.swift */; };
		65E08AD81D7A6C5300AE6985 /* Main.storyboard in Resources */ = {isa = PBXBuildFile; fileRef = 65E08AD61D7A6C5300AE6985 /* Main.storyboard */; };
		65E08ADA1D7A6C5300AE6985 /* Assets.xcassets in Resources */ = {isa = PBXBuildFile; fileRef = 65E08AD91D7A6C5300AE6985 /* Assets.xcassets */; };
		65E08ADD1D7A6C5300AE6985 /* LaunchScreen.storyboard in Resources */ = {isa = PBXBuildFile; fileRef = 65E08ADB1D7A6C5300AE6985 /* LaunchScreen.storyboard */; };
		65E08AFD1D7B380C00AE6985 /* Alamofire.framework in Frameworks */ = {isa = PBXBuildFile; fileRef = 65E08AF01D7B37C200AE6985 /* Alamofire.framework */; };
		65E08AFE1D7B380C00AE6985 /* Alamofire.framework in Embed Frameworks */ = {isa = PBXBuildFile; fileRef = 65E08AF01D7B37C200AE6985 /* Alamofire.framework */; settings = {ATTRIBUTES = (CodeSignOnCopy, RemoveHeadersOnCopy, ); }; };
		65E08B031D7B476000AE6985 /* UITextField+ArrowKeys.swift in Sources */ = {isa = PBXBuildFile; fileRef = 65E08B021D7B476000AE6985 /* UITextField+ArrowKeys.swift */; };
/* End PBXBuildFile section */

/* Begin PBXContainerItemProxy section */
		65E08AEF1D7B37C200AE6985 /* PBXContainerItemProxy */ = {
			isa = PBXContainerItemProxy;
			containerPortal = 65E08AE41D7B37C200AE6985 /* Alamofire.xcodeproj */;
			proxyType = 2;
			remoteGlobalIDString = F8111E3319A95C8B0040E7D1;
			remoteInfo = "Alamofire iOS";
		};
		65E08AF11D7B37C200AE6985 /* PBXContainerItemProxy */ = {
			isa = PBXContainerItemProxy;
			containerPortal = 65E08AE41D7B37C200AE6985 /* Alamofire.xcodeproj */;
			proxyType = 2;
			remoteGlobalIDString = F8111E3E19A95C8B0040E7D1;
			remoteInfo = "Alamofire iOS Tests";
		};
		65E08AF31D7B37C200AE6985 /* PBXContainerItemProxy */ = {
			isa = PBXContainerItemProxy;
			containerPortal = 65E08AE41D7B37C200AE6985 /* Alamofire.xcodeproj */;
			proxyType = 2;
			remoteGlobalIDString = 4DD67C0B1A5C55C900ED2280;
			remoteInfo = "Alamofire OSX";
		};
		65E08AF51D7B37C200AE6985 /* PBXContainerItemProxy */ = {
			isa = PBXContainerItemProxy;
			containerPortal = 65E08AE41D7B37C200AE6985 /* Alamofire.xcodeproj */;
			proxyType = 2;
			remoteGlobalIDString = F829C6B21A7A94F100A2CD59;
			remoteInfo = "Alamofire OSX Tests";
		};
		65E08AF71D7B37C200AE6985 /* PBXContainerItemProxy */ = {
			isa = PBXContainerItemProxy;
			containerPortal = 65E08AE41D7B37C200AE6985 /* Alamofire.xcodeproj */;
			proxyType = 2;
			remoteGlobalIDString = 4CF626EF1BA7CB3E0011A099;
			remoteInfo = "Alamofire tvOS";
		};
		65E08AF91D7B37C200AE6985 /* PBXContainerItemProxy */ = {
			isa = PBXContainerItemProxy;
			containerPortal = 65E08AE41D7B37C200AE6985 /* Alamofire.xcodeproj */;
			proxyType = 2;
			remoteGlobalIDString = 4CF626F81BA7CB3E0011A099;
			remoteInfo = "Alamofire tvOS Tests";
		};
		65E08AFB1D7B37C200AE6985 /* PBXContainerItemProxy */ = {
			isa = PBXContainerItemProxy;
			containerPortal = 65E08AE41D7B37C200AE6985 /* Alamofire.xcodeproj */;
			proxyType = 2;
			remoteGlobalIDString = E4202FE01B667AA100C997FB;
			remoteInfo = "Alamofire watchOS";
		};
		65E08AFF1D7B380C00AE6985 /* PBXContainerItemProxy */ = {
			isa = PBXContainerItemProxy;
			containerPortal = 65E08AE41D7B37C200AE6985 /* Alamofire.xcodeproj */;
			proxyType = 1;
			remoteGlobalIDString = F8111E3219A95C8B0040E7D1;
			remoteInfo = "Alamofire iOS";
		};
/* End PBXContainerItemProxy section */

/* Begin PBXCopyFilesBuildPhase section */
		65E08B011D7B380D00AE6985 /* Embed Frameworks */ = {
			isa = PBXCopyFilesBuildPhase;
			buildActionMask = 2147483647;
			dstPath = "";
			dstSubfolderSpec = 10;
			files = (
				65E08AFE1D7B380C00AE6985 /* Alamofire.framework in Embed Frameworks */,
			);
			name = "Embed Frameworks";
			runOnlyForDeploymentPostprocessing = 0;
		};
/* End PBXCopyFilesBuildPhase section */

/* Begin PBXFileReference section */
		655FC4CF1D7BF2BF00839B11 /* bundle.js */ = {isa = PBXFileReference; fileEncoding = 4; lastKnownFileType = sourcecode.javascript; name = bundle.js; path = ../dist/bundle.js; sourceTree = "<group>"; };
		655FC4D21D7BF8BA00839B11 /* JSRootView.swift */ = {isa = PBXFileReference; fileEncoding = 4; lastKnownFileType = sourcecode.swift; path = JSRootView.swift; sourceTree = "<group>"; };
		65DA29EA1D7F936F0043C387 /* JSButton.swift */ = {isa = PBXFileReference; fileEncoding = 4; lastKnownFileType = sourcecode.swift; path = JSButton.swift; sourceTree = "<group>"; };
		65E08ACF1D7A6C5300AE6985 /* JSBridgeTest.app */ = {isa = PBXFileReference; explicitFileType = wrapper.application; includeInIndex = 0; path = JSBridgeTest.app; sourceTree = BUILT_PRODUCTS_DIR; };
		65E08AD21D7A6C5300AE6985 /* AppDelegate.swift */ = {isa = PBXFileReference; lastKnownFileType = sourcecode.swift; path = AppDelegate.swift; sourceTree = "<group>"; };
		65E08AD41D7A6C5300AE6985 /* ViewController.swift */ = {isa = PBXFileReference; lastKnownFileType = sourcecode.swift; path = ViewController.swift; sourceTree = "<group>"; };
		65E08AD71D7A6C5300AE6985 /* Base */ = {isa = PBXFileReference; lastKnownFileType = file.storyboard; name = Base; path = Base.lproj/Main.storyboard; sourceTree = "<group>"; };
		65E08AD91D7A6C5300AE6985 /* Assets.xcassets */ = {isa = PBXFileReference; lastKnownFileType = folder.assetcatalog; path = Assets.xcassets; sourceTree = "<group>"; };
		65E08ADC1D7A6C5300AE6985 /* Base */ = {isa = PBXFileReference; lastKnownFileType = file.storyboard; name = Base; path = Base.lproj/LaunchScreen.storyboard; sourceTree = "<group>"; };
		65E08ADE1D7A6C5300AE6985 /* Info.plist */ = {isa = PBXFileReference; lastKnownFileType = text.plist.xml; path = Info.plist; sourceTree = "<group>"; };
		65E08AE41D7B37C200AE6985 /* Alamofire.xcodeproj */ = {isa = PBXFileReference; lastKnownFileType = "wrapper.pb-project"; name = Alamofire.xcodeproj; path = Alamofire/Alamofire.xcodeproj; sourceTree = "<group>"; };
		65E08B021D7B476000AE6985 /* UITextField+ArrowKeys.swift */ = {isa = PBXFileReference; fileEncoding = 4; lastKnownFileType = sourcecode.swift; path = "UITextField+ArrowKeys.swift"; sourceTree = "<group>"; };
/* End PBXFileReference section */

/* Begin PBXFrameworksBuildPhase section */
		65E08ACC1D7A6C5300AE6985 /* Frameworks */ = {
			isa = PBXFrameworksBuildPhase;
			buildActionMask = 2147483647;
			files = (
				65E08AFD1D7B380C00AE6985 /* Alamofire.framework in Frameworks */,
			);
			runOnlyForDeploymentPostprocessing = 0;
		};
/* End PBXFrameworksBuildPhase section */

/* Begin PBXGroup section */
		65E08AC61D7A6C5300AE6985 = {
			isa = PBXGroup;
			children = (
				65E08AE41D7B37C200AE6985 /* Alamofire.xcodeproj */,
				65E08AD11D7A6C5300AE6985 /* JSBridgeTest */,
				65E08AD01D7A6C5300AE6985 /* Products */,
			);
			sourceTree = "<group>";
		};
		65E08AD01D7A6C5300AE6985 /* Products */ = {
			isa = PBXGroup;
			children = (
				65E08ACF1D7A6C5300AE6985 /* JSBridgeTest.app */,
			);
			name = Products;
			sourceTree = "<group>";
		};
		65E08AD11D7A6C5300AE6985 /* JSBridgeTest */ = {
			isa = PBXGroup;
			children = (
				655FC4CF1D7BF2BF00839B11 /* bundle.js */,
				65E08AD21D7A6C5300AE6985 /* AppDelegate.swift */,
				65E08AD41D7A6C5300AE6985 /* ViewController.swift */,
				65E08AD61D7A6C5300AE6985 /* Main.storyboard */,
				65E08AD91D7A6C5300AE6985 /* Assets.xcassets */,
				65E08ADB1D7A6C5300AE6985 /* LaunchScreen.storyboard */,
				65E08ADE1D7A6C5300AE6985 /* Info.plist */,
				65E08B021D7B476000AE6985 /* UITextField+ArrowKeys.swift */,
				655FC4D21D7BF8BA00839B11 /* JSRootView.swift */,
				65DA29EA1D7F936F0043C387 /* JSButton.swift */,
			);
			path = JSBridgeTest;
			sourceTree = "<group>";
		};
		65E08AE51D7B37C200AE6985 /* Products */ = {
			isa = PBXGroup;
			children = (
				65E08AF01D7B37C200AE6985 /* Alamofire.framework */,
				65E08AF21D7B37C200AE6985 /* Alamofire iOS Tests.xctest */,
				65E08AF41D7B37C200AE6985 /* Alamofire.framework */,
				65E08AF61D7B37C200AE6985 /* Alamofire OSX Tests.xctest */,
				65E08AF81D7B37C200AE6985 /* Alamofire.framework */,
				65E08AFA1D7B37C200AE6985 /* Alamofire tvOS Tests.xctest */,
				65E08AFC1D7B37C200AE6985 /* Alamofire.framework */,
			);
			name = Products;
			sourceTree = "<group>";
		};
/* End PBXGroup section */

/* Begin PBXNativeTarget section */
		65E08ACE1D7A6C5300AE6985 /* JSBridgeTest */ = {
			isa = PBXNativeTarget;
			buildConfigurationList = 65E08AE11D7A6C5300AE6985 /* Build configuration list for PBXNativeTarget "JSBridgeTest" */;
			buildPhases = (
				65E08ACB1D7A6C5300AE6985 /* Sources */,
				65E08ACC1D7A6C5300AE6985 /* Frameworks */,
				65E08ACD1D7A6C5300AE6985 /* Resources */,
				65E08B011D7B380D00AE6985 /* Embed Frameworks */,
			);
			buildRules = (
			);
			dependencies = (
				65E08B001D7B380C00AE6985 /* PBXTargetDependency */,
			);
			name = JSBridgeTest;
			productName = JSBridgeTest;
			productReference = 65E08ACF1D7A6C5300AE6985 /* JSBridgeTest.app */;
			productType = "com.apple.product-type.application";
		};
/* End PBXNativeTarget section */

/* Begin PBXProject section */
		65E08AC71D7A6C5300AE6985 /* Project object */ = {
			isa = PBXProject;
			attributes = {
				LastSwiftUpdateCheck = 0730;
				LastUpgradeCheck = 0730;
				ORGANIZATIONNAME = Motingo;
				TargetAttributes = {
					65E08ACE1D7A6C5300AE6985 = {
						CreatedOnToolsVersion = 7.3;
					};
				};
			};
			buildConfigurationList = 65E08ACA1D7A6C5300AE6985 /* Build configuration list for PBXProject "JSBridgeTest" */;
			compatibilityVersion = "Xcode 3.2";
			developmentRegion = English;
			hasScannedForEncodings = 0;
			knownRegions = (
				en,
				Base,
			);
			mainGroup = 65E08AC61D7A6C5300AE6985;
			productRefGroup = 65E08AD01D7A6C5300AE6985 /* Products */;
			projectDirPath = "";
			projectReferences = (
				{
					ProductGroup = 65E08AE51D7B37C200AE6985 /* Products */;
					ProjectRef = 65E08AE41D7B37C200AE6985 /* Alamofire.xcodeproj */;
				},
			);
			projectRoot = "";
			targets = (
				65E08ACE1D7A6C5300AE6985 /* JSBridgeTest */,
			);
		};
/* End PBXProject section */

/* Begin PBXReferenceProxy section */
		65E08AF01D7B37C200AE6985 /* Alamofire.framework */ = {
			isa = PBXReferenceProxy;
			fileType = wrapper.framework;
			path = Alamofire.framework;
			remoteRef = 65E08AEF1D7B37C200AE6985 /* PBXContainerItemProxy */;
			sourceTree = BUILT_PRODUCTS_DIR;
		};
		65E08AF21D7B37C200AE6985 /* Alamofire iOS Tests.xctest */ = {
			isa = PBXReferenceProxy;
			fileType = wrapper.cfbundle;
			path = "Alamofire iOS Tests.xctest";
			remoteRef = 65E08AF11D7B37C200AE6985 /* PBXContainerItemProxy */;
			sourceTree = BUILT_PRODUCTS_DIR;
		};
		65E08AF41D7B37C200AE6985 /* Alamofire.framework */ = {
			isa = PBXReferenceProxy;
			fileType = wrapper.framework;
			path = Alamofire.framework;
			remoteRef = 65E08AF31D7B37C200AE6985 /* PBXContainerItemProxy */;
			sourceTree = BUILT_PRODUCTS_DIR;
		};
		65E08AF61D7B37C200AE6985 /* Alamofire OSX Tests.xctest */ = {
			isa = PBXReferenceProxy;
			fileType = wrapper.cfbundle;
			path = "Alamofire OSX Tests.xctest";
			remoteRef = 65E08AF51D7B37C200AE6985 /* PBXContainerItemProxy */;
			sourceTree = BUILT_PRODUCTS_DIR;
		};
		65E08AF81D7B37C200AE6985 /* Alamofire.framework */ = {
			isa = PBXReferenceProxy;
			fileType = wrapper.framework;
			path = Alamofire.framework;
			remoteRef = 65E08AF71D7B37C200AE6985 /* PBXContainerItemProxy */;
			sourceTree = BUILT_PRODUCTS_DIR;
		};
		65E08AFA1D7B37C200AE6985 /* Alamofire tvOS Tests.xctest */ = {
			isa = PBXReferenceProxy;
			fileType = wrapper.cfbundle;
			path = "Alamofire tvOS Tests.xctest";
			remoteRef = 65E08AF91D7B37C200AE6985 /* PBXContainerItemProxy */;
			sourceTree = BUILT_PRODUCTS_DIR;
		};
		65E08AFC1D7B37C200AE6985 /* Alamofire.framework */ = {
			isa = PBXReferenceProxy;
			fileType = wrapper.framework;
			path = Alamofire.framework;
			remoteRef = 65E08AFB1D7B37C200AE6985 /* PBXContainerItemProxy */;
			sourceTree = BUILT_PRODUCTS_DIR;
		};
/* End PBXReferenceProxy section */

/* Begin PBXResourcesBuildPhase section */
		65E08ACD1D7A6C5300AE6985 /* Resources */ = {
			isa = PBXResourcesBuildPhase;
			buildActionMask = 2147483647;
			files = (
				65E08ADD1D7A6C5300AE6985 /* LaunchScreen.storyboard in Resources */,
				65E08ADA1D7A6C5300AE6985 /* Assets.xcassets in Resources */,
				65E08AD81D7A6C5300AE6985 /* Main.storyboard in Resources */,
				655FC4D11D7BF31600839B11 /* bundle.js in Resources */,
			);
			runOnlyForDeploymentPostprocessing = 0;
		};
/* End PBXResourcesBuildPhase section */

/* Begin PBXSourcesBuildPhase section */
		65E08ACB1D7A6C5300AE6985 /* Sources */ = {
			isa = PBXSourcesBuildPhase;
			buildActionMask = 2147483647;
			files = (
				65E08AD51D7A6C5300AE6985 /* ViewController.swift in Sources */,
				655FC4D31D7BF8BA00839B11 /* JSRootView.swift in Sources */,
				65E08B031D7B476000AE6985 /* UITextField+ArrowKeys.swift in Sources */,
				65E08AD31D7A6C5300AE6985 /* AppDelegate.swift in Sources */,
				65DA29EB1D7F936F0043C387 /* JSButton.swift in Sources */,
			);
			runOnlyForDeploymentPostprocessing = 0;
		};
/* End PBXSourcesBuildPhase section */

/* Begin PBXTargetDependency section */
		65E08B001D7B380C00AE6985 /* PBXTargetDependency */ = {
			isa = PBXTargetDependency;
			name = "Alamofire iOS";
			targetProxy = 65E08AFF1D7B380C00AE6985 /* PBXContainerItemProxy */;
		};
/* End PBXTargetDependency section */

/* Begin PBXVariantGroup section */
		65E08AD61D7A6C5300AE6985 /* Main.storyboard */ = {
			isa = PBXVariantGroup;
			children = (
				65E08AD71D7A6C5300AE6985 /* Base */,
			);
			name = Main.storyboard;
			sourceTree = "<group>";
		};
		65E08ADB1D7A6C5300AE6985 /* LaunchScreen.storyboard */ = {
			isa = PBXVariantGroup;
			children = (
				65E08ADC1D7A6C5300AE6985 /* Base */,
			);
			name = LaunchScreen.storyboard;
			sourceTree = "<group>";
		};
/* End PBXVariantGroup section */

/* Begin XCBuildConfiguration section */
		65E08ADF1D7A6C5300AE6985 /* Debug */ = {
			isa = XCBuildConfiguration;
			buildSettings = {
				ALWAYS_SEARCH_USER_PATHS = NO;
				CLANG_ANALYZER_NONNULL = YES;
				CLANG_CXX_LANGUAGE_STANDARD = "gnu++0x";
				CLANG_CXX_LIBRARY = "libc++";
				CLANG_ENABLE_MODULES = YES;
				CLANG_ENABLE_OBJC_ARC = YES;
				CLANG_WARN_BOOL_CONVERSION = YES;
				CLANG_WARN_CONSTANT_CONVERSION = YES;
				CLANG_WARN_DIRECT_OBJC_ISA_USAGE = YES_ERROR;
				CLANG_WARN_EMPTY_BODY = YES;
				CLANG_WARN_ENUM_CONVERSION = YES;
				CLANG_WARN_INT_CONVERSION = YES;
				CLANG_WARN_OBJC_ROOT_CLASS = YES_ERROR;
				CLANG_WARN_UNREACHABLE_CODE = YES;
				CLANG_WARN__DUPLICATE_METHOD_MATCH = YES;
				"CODE_SIGN_IDENTITY[sdk=iphoneos*]" = "iPhone Developer";
				COPY_PHASE_STRIP = NO;
				DEBUG_INFORMATION_FORMAT = dwarf;
				ENABLE_STRICT_OBJC_MSGSEND = YES;
				ENABLE_TESTABILITY = YES;
				GCC_C_LANGUAGE_STANDARD = gnu99;
				GCC_DYNAMIC_NO_PIC = NO;
				GCC_NO_COMMON_BLOCKS = YES;
				GCC_OPTIMIZATION_LEVEL = 0;
				GCC_PREPROCESSOR_DEFINITIONS = (
					"DEBUG=1",
					"$(inherited)",
				);
				GCC_WARN_64_TO_32_BIT_CONVERSION = YES;
				GCC_WARN_ABOUT_RETURN_TYPE = YES_ERROR;
				GCC_WARN_UNDECLARED_SELECTOR = YES;
				GCC_WARN_UNINITIALIZED_AUTOS = YES_AGGRESSIVE;
				GCC_WARN_UNUSED_FUNCTION = YES;
				GCC_WARN_UNUSED_VARIABLE = YES;
				IPHONEOS_DEPLOYMENT_TARGET = 9.3;
				MTL_ENABLE_DEBUG_INFO = YES;
				ONLY_ACTIVE_ARCH = YES;
				SDKROOT = iphoneos;
				SWIFT_OPTIMIZATION_LEVEL = "-Onone";
				TARGETED_DEVICE_FAMILY = "1,2";
			};
			name = Debug;
		};
		65E08AE01D7A6C5300AE6985 /* Release */ = {
			isa = XCBuildConfiguration;
			buildSettings = {
				ALWAYS_SEARCH_USER_PATHS = NO;
				CLANG_ANALYZER_NONNULL = YES;
				CLANG_CXX_LANGUAGE_STANDARD = "gnu++0x";
				CLANG_CXX_LIBRARY = "libc++";
				CLANG_ENABLE_MODULES = YES;
				CLANG_ENABLE_OBJC_ARC = YES;
				CLANG_WARN_BOOL_CONVERSION = YES;
				CLANG_WARN_CONSTANT_CONVERSION = YES;
				CLANG_WARN_DIRECT_OBJC_ISA_USAGE = YES_ERROR;
				CLANG_WARN_EMPTY_BODY = YES;
				CLANG_WARN_ENUM_CONVERSION = YES;
				CLANG_WARN_INT_CONVERSION = YES;
				CLANG_WARN_OBJC_ROOT_CLASS = YES_ERROR;
				CLANG_WARN_UNREACHABLE_CODE = YES;
				CLANG_WARN__DUPLICATE_METHOD_MATCH = YES;
				"CODE_SIGN_IDENTITY[sdk=iphoneos*]" = "iPhone Developer";
				COPY_PHASE_STRIP = NO;
				DEBUG_INFORMATION_FORMAT = "dwarf-with-dsym";
				ENABLE_NS_ASSERTIONS = NO;
				ENABLE_STRICT_OBJC_MSGSEND = YES;
				GCC_C_LANGUAGE_STANDARD = gnu99;
				GCC_NO_COMMON_BLOCKS = YES;
				GCC_WARN_64_TO_32_BIT_CONVERSION = YES;
				GCC_WARN_ABOUT_RETURN_TYPE = YES_ERROR;
				GCC_WARN_UNDECLARED_SELECTOR = YES;
				GCC_WARN_UNINITIALIZED_AUTOS = YES_AGGRESSIVE;
				GCC_WARN_UNUSED_FUNCTION = YES;
				GCC_WARN_UNUSED_VARIABLE = YES;
				IPHONEOS_DEPLOYMENT_TARGET = 9.3;
				MTL_ENABLE_DEBUG_INFO = NO;
				SDKROOT = iphoneos;
				TARGETED_DEVICE_FAMILY = "1,2";
				VALIDATE_PRODUCT = YES;
			};
			name = Release;
		};
		65E08AE21D7A6C5300AE6985 /* Debug */ = {
			isa = XCBuildConfiguration;
			buildSettings = {
				ASSETCATALOG_COMPILER_APPICON_NAME = AppIcon;
				EMBEDDED_CONTENT_CONTAINS_SWIFT = YES;
				INFOPLIST_FILE = JSBridgeTest/Info.plist;
				LD_RUNPATH_SEARCH_PATHS = "$(inherited) @executable_path/Frameworks";
				PRODUCT_BUNDLE_IDENTIFIER = com.motingo.JSBridgeTest;
				PRODUCT_NAME = "$(TARGET_NAME)";
			};
			name = Debug;
		};
		65E08AE31D7A6C5300AE6985 /* Release */ = {
			isa = XCBuildConfiguration;
			buildSettings = {
				ASSETCATALOG_COMPILER_APPICON_NAME = AppIcon;
				EMBEDDED_CONTENT_CONTAINS_SWIFT = YES;
				INFOPLIST_FILE = JSBridgeTest/Info.plist;
				LD_RUNPATH_SEARCH_PATHS = "$(inherited) @executable_path/Frameworks";
				PRODUCT_BUNDLE_IDENTIFIER = com.motingo.JSBridgeTest;
				PRODUCT_NAME = "$(TARGET_NAME)";
			};
			name = Release;
		};
/* End XCBuildConfiguration section */

/* Begin XCConfigurationList section */
		65E08ACA1D7A6C5300AE6985 /* Build configuration list for PBXProject "JSBridgeTest" */ = {
			isa = XCConfigurationList;
			buildConfigurations = (
				65E08ADF1D7A6C5300AE6985 /* Debug */,
				65E08AE01D7A6C5300AE6985 /* Release */,
			);
			defaultConfigurationIsVisible = 0;
			defaultConfigurationName = Release;
		};
		65E08AE11D7A6C5300AE6985 /* Build configuration list for PBXNativeTarget "JSBridgeTest" */ = {
			isa = XCConfigurationList;
			buildConfigurations = (
				65E08AE21D7A6C5300AE6985 /* Debug */,
				65E08AE31D7A6C5300AE6985 /* Release */,
			);
			defaultConfigurationIsVisible = 0;
			defaultConfigurationName = Release;
		};
/* End XCConfigurationList section */
	};
	rootObject = 65E08AC71D7A6C5300AE6985 /* Project object */;
}
